
Microsoft Visual Studio Solution File, Format Version 12.00
# Visual Studio 2013
VisualStudioVersion = 12.0.21005.1
MinimumVisualStudioVersion = 10.0.40219.1
Project("{FAE04EC0-301F-11D3-BF4B-00C04F79EFBC}") = "Proyecto0002", "Proyecto0002\Proyecto0002.csproj", "{6F5E2AE7-E8FF-48DF-A2DD-EA3A49C21D16}"
EndProject
Project("{FAE04EC0-301F-11D3-BF4B-00C04F79EFBC}") = "ClassLibrary1", "ClassLibrary1\ClassLibrary1.csproj", "{32F05975-3C84-40E2-8F68-DF623E363C81}"
EndProject
Global
	GlobalSection(SolutionConfigurationPlatforms) = preSolution
		Debug|Any CPU = Debug|Any CPU
		Release|Any CPU = Release|Any CPU
	EndGlobalSection
	GlobalSection(ProjectConfigurationPlatforms) = postSolution
		{6F5E2AE7-E8FF-48DF-A2DD-EA3A49C21D16}.Debug|Any CPU.ActiveCfg = Debug|Any CPU
		{6F5E2AE7-E8FF-48DF-A2DD-EA3A49C21D16}.Debug|Any CPU.Build.0 = Debug|Any CPU
		{6F5E2AE7-E8FF-48DF-A2DD-EA3A49C21D16}.Release|Any CPU.ActiveCfg = Release|Any CPU
		{6F5E2AE7-E8FF-48DF-A2DD-EA3A49C21D16}.Release|Any CPU.Build.0 = Release|Any CPU
		{32F05975-3C84-40E2-8F68-DF623E363C81}.Debug|Any CPU.ActiveCfg = Debug|Any CPU
		{32F05975-3C84-40E2-8F68-DF623E363C81}.Debug|Any CPU.Build.0 = Debug|Any CPU
		{32F05975-3C84-40E2-8F68-DF623E363C81}.Release|Any CPU.ActiveCfg = Release|Any CPU
		{32F05975-3C84-40E2-8F68-DF623E363C81}.Release|Any CPU.Build.0 = Release|Any CPU
	EndGlobalSection
	GlobalSection(SolutionProperties) = preSolution
		HideSolutionNode = FALSE
	EndGlobalSection
EndGlobal
